
Microsoft Visual Studio Solution File, Format Version 12.00
# Visual Studio Version 16
VisualStudioVersion = 16.0.28803.156
MinimumVisualStudioVersion = 10.0.40219.1
Project("{FAE04EC0-301F-11D3-BF4B-00C04F79EFBC}") = "EventManager", "EventManager\EventManager.csproj", "{F732A5D7-A345-42DB-80FC-E35F2B13F7D2}"
EndProject
Global
	GlobalSection(SolutionConfigurationPlatforms) = preSolution
		Debug|Any CPU = Debug|Any CPU
		Release|Any CPU = Release|Any CPU
	EndGlobalSection
	GlobalSection(ProjectConfigurationPlatforms) = postSolution
		{F732A5D7-A345-42DB-80FC-E35F2B13F7D2}.Debug|Any CPU.ActiveCfg = Debug|Any CPU
		{F732A5D7-A345-42DB-80FC-E35F2B13F7D2}.Debug|Any CPU.Build.0 = Debug|Any CPU
		{F732A5D7-A345-42DB-80FC-E35F2B13F7D2}.Release|Any CPU.ActiveCfg = Release|Any CPU
		{F732A5D7-A345-42DB-80FC-E35F2B13F7D2}.Release|Any CPU.Build.0 = Release|Any CPU
	EndGlobalSection
	GlobalSection(SolutionProperties) = preSolution
		HideSolutionNode = FALSE
	EndGlobalSection
	GlobalSection(ExtensibilityGlobals) = postSolution
		SolutionGuid = {62663101-7DB4-4EF4-827D-2F4FEA13C0DF}
	EndGlobalSection
EndGlobal
